
Microsoft Visual Studio Solution File, Format Version 12.00
# Visual Studio Version 17
VisualStudioVersion = 17.7.34202.233
MinimumVisualStudioVersion = 10.0.40219.1
Project("{9A19103F-16F7-4668-BE54-9A1E7A4F7556}") = "ConwayClient", "ConwayClient\ConwayClient.csproj", "{59899372-1A52-489C-8C95-5A1F7BA27ADE}"
EndProject
Project("{2150E333-8FDC-42A3-9474-1A3956D46DE8}") = "Solution Items", "Solution Items", "{D8C99028-0668-46F1-B547-0B5A10769B4D}"
	ProjectSection(SolutionItems) = preProject
		.github\workflows\deploy.yml = .github\workflows\deploy.yml
	EndProjectSection
EndProject
Project("{9A19103F-16F7-4668-BE54-9A1E7A4F7556}") = "ConwaysGameOfLife", "ConwaysGameOfLife\ConwaysGameOfLife.csproj", "{48A47EA1-B2F1-4A59-A03A-5BF79217DC73}"
EndProject
Global
	GlobalSection(SolutionConfigurationPlatforms) = preSolution
		Debug|Any CPU = Debug|Any CPU
		Release|Any CPU = Release|Any CPU
	EndGlobalSection
	GlobalSection(ProjectConfigurationPlatforms) = postSolution
		{59899372-1A52-489C-8C95-5A1F7BA27ADE}.Debug|Any CPU.ActiveCfg = Debug|Any CPU
		{59899372-1A52-489C-8C95-5A1F7BA27ADE}.Debug|Any CPU.Build.0 = Debug|Any CPU
		{59899372-1A52-489C-8C95-5A1F7BA27ADE}.Release|Any CPU.ActiveCfg = Release|Any CPU
		{59899372-1A52-489C-8C95-5A1F7BA27ADE}.Release|Any CPU.Build.0 = Release|Any CPU
		{48A47EA1-B2F1-4A59-A03A-5BF79217DC73}.Debug|Any CPU.ActiveCfg = Debug|Any CPU
		{48A47EA1-B2F1-4A59-A03A-5BF79217DC73}.Debug|Any CPU.Build.0 = Debug|Any CPU
		{48A47EA1-B2F1-4A59-A03A-5BF79217DC73}.Release|Any CPU.ActiveCfg = Release|Any CPU
		{48A47EA1-B2F1-4A59-A03A-5BF79217DC73}.Release|Any CPU.Build.0 = Release|Any CPU
	EndGlobalSection
	GlobalSection(SolutionProperties) = preSolution
		HideSolutionNode = FALSE
	EndGlobalSection
	GlobalSection(ExtensibilityGlobals) = postSolution
		SolutionGuid = {B4DBC319-6C3E-4C19-AA8B-ED5B09CB350C}
	EndGlobalSection
EndGlobal
